
Microsoft Visual Studio Solution File, Format Version 12.00
# Visual Studio 15
VisualStudioVersion = 15.0.26124.0
MinimumVisualStudioVersion = 15.0.26124.0
Project("{2150E333-8FDC-42A3-9474-1A3956D46DE8}") = "src", "src", "{DD2B8F11-F305-4127-8521-A0AC233FF4A6}"
EndProject
Project("{FAE04EC0-301F-11D3-BF4B-00C04F79EFBC}") = "Swish.Sftp", "src\Swish.Sftp\Swish.Sftp.csproj", "{C82CAE11-A3AA-42C4-8706-D331F55FFC59}"
EndProject
Project("{FAE04EC0-301F-11D3-BF4B-00C04F79EFBC}") = "Swish.Sftp.Server", "src\Swish.Sftp.Server\Swish.Sftp.Server.csproj", "{1CA06F40-E696-4D2B-B502-2E65711AF232}"
EndProject
Global
	GlobalSection(SolutionConfigurationPlatforms) = preSolution
		Debug|Any CPU = Debug|Any CPU
		Debug|x64 = Debug|x64
		Debug|x86 = Debug|x86
		Release|Any CPU = Release|Any CPU
		Release|x64 = Release|x64
		Release|x86 = Release|x86
	EndGlobalSection
	GlobalSection(SolutionProperties) = preSolution
		HideSolutionNode = FALSE
	EndGlobalSection
	GlobalSection(ProjectConfigurationPlatforms) = postSolution
		{C82CAE11-A3AA-42C4-8706-D331F55FFC59}.Debug|Any CPU.ActiveCfg = Debug|Any CPU
		{C82CAE11-A3AA-42C4-8706-D331F55FFC59}.Debug|Any CPU.Build.0 = Debug|Any CPU
		{C82CAE11-A3AA-42C4-8706-D331F55FFC59}.Debug|x64.ActiveCfg = Debug|Any CPU
		{C82CAE11-A3AA-42C4-8706-D331F55FFC59}.Debug|x64.Build.0 = Debug|Any CPU
		{C82CAE11-A3AA-42C4-8706-D331F55FFC59}.Debug|x86.ActiveCfg = Debug|Any CPU
		{C82CAE11-A3AA-42C4-8706-D331F55FFC59}.Debug|x86.Build.0 = Debug|Any CPU
		{C82CAE11-A3AA-42C4-8706-D331F55FFC59}.Release|Any CPU.ActiveCfg = Release|Any CPU
		{C82CAE11-A3AA-42C4-8706-D331F55FFC59}.Release|Any CPU.Build.0 = Release|Any CPU
		{C82CAE11-A3AA-42C4-8706-D331F55FFC59}.Release|x64.ActiveCfg = Release|Any CPU
		{C82CAE11-A3AA-42C4-8706-D331F55FFC59}.Release|x64.Build.0 = Release|Any CPU
		{C82CAE11-A3AA-42C4-8706-D331F55FFC59}.Release|x86.ActiveCfg = Release|Any CPU
		{C82CAE11-A3AA-42C4-8706-D331F55FFC59}.Release|x86.Build.0 = Release|Any CPU
		{1CA06F40-E696-4D2B-B502-2E65711AF232}.Debug|Any CPU.ActiveCfg = Debug|Any CPU
		{1CA06F40-E696-4D2B-B502-2E65711AF232}.Debug|Any CPU.Build.0 = Debug|Any CPU
		{1CA06F40-E696-4D2B-B502-2E65711AF232}.Debug|x64.ActiveCfg = Debug|Any CPU
		{1CA06F40-E696-4D2B-B502-2E65711AF232}.Debug|x64.Build.0 = Debug|Any CPU
		{1CA06F40-E696-4D2B-B502-2E65711AF232}.Debug|x86.ActiveCfg = Debug|Any CPU
		{1CA06F40-E696-4D2B-B502-2E65711AF232}.Debug|x86.Build.0 = Debug|Any CPU
		{1CA06F40-E696-4D2B-B502-2E65711AF232}.Release|Any CPU.ActiveCfg = Release|Any CPU
		{1CA06F40-E696-4D2B-B502-2E65711AF232}.Release|Any CPU.Build.0 = Release|Any CPU
		{1CA06F40-E696-4D2B-B502-2E65711AF232}.Release|x64.ActiveCfg = Release|Any CPU
		{1CA06F40-E696-4D2B-B502-2E65711AF232}.Release|x64.Build.0 = Release|Any CPU
		{1CA06F40-E696-4D2B-B502-2E65711AF232}.Release|x86.ActiveCfg = Release|Any CPU
		{1CA06F40-E696-4D2B-B502-2E65711AF232}.Release|x86.Build.0 = Release|Any CPU
	EndGlobalSection
	GlobalSection(NestedProjects) = preSolution
		{C82CAE11-A3AA-42C4-8706-D331F55FFC59} = {DD2B8F11-F305-4127-8521-A0AC233FF4A6}
		{1CA06F40-E696-4D2B-B502-2E65711AF232} = {DD2B8F11-F305-4127-8521-A0AC233FF4A6}
	EndGlobalSection
EndGlobal
